
Microsoft Visual Studio Solution File, Format Version 12.00
# Visual Studio Version 16
VisualStudioVersion = 16.0.31229.75
MinimumVisualStudioVersion = 10.0.40219.1
Project("{FAE04EC0-301F-11D3-BF4B-00C04F79EFBC}") = "WinBackgroundWorker", "LabM2-7\WinBackgroundWorker.csproj", "{76CA482E-42C4-4664-AD40-342DC9219751}"
EndProject
Project("{FAE04EC0-301F-11D3-BF4B-00C04F79EFBC}") = "WinAsynchDelegate", "WinAsynchDelegate\WinAsynchDelegate.csproj", "{5539AC59-FAA7-4DEC-BA0D-B65429287768}"
EndProject
Project("{FAE04EC0-301F-11D3-BF4B-00C04F79EFBC}") = "WinAsynchMethod", "WinAsynchMethod\WinAsynchMethod.csproj", "{5F5F66D3-457F-46DA-9391-D343FFEC9B6F}"
EndProject
Global
	GlobalSection(SolutionConfigurationPlatforms) = preSolution
		Debug|Any CPU = Debug|Any CPU
		Release|Any CPU = Release|Any CPU
	EndGlobalSection
	GlobalSection(ProjectConfigurationPlatforms) = postSolution
		{76CA482E-42C4-4664-AD40-342DC9219751}.Debug|Any CPU.ActiveCfg = Debug|Any CPU
		{76CA482E-42C4-4664-AD40-342DC9219751}.Debug|Any CPU.Build.0 = Debug|Any CPU
		{76CA482E-42C4-4664-AD40-342DC9219751}.Release|Any CPU.ActiveCfg = Release|Any CPU
		{76CA482E-42C4-4664-AD40-342DC9219751}.Release|Any CPU.Build.0 = Release|Any CPU
		{5539AC59-FAA7-4DEC-BA0D-B65429287768}.Debug|Any CPU.ActiveCfg = Debug|Any CPU
		{5539AC59-FAA7-4DEC-BA0D-B65429287768}.Debug|Any CPU.Build.0 = Debug|Any CPU
		{5539AC59-FAA7-4DEC-BA0D-B65429287768}.Release|Any CPU.ActiveCfg = Release|Any CPU
		{5539AC59-FAA7-4DEC-BA0D-B65429287768}.Release|Any CPU.Build.0 = Release|Any CPU
		{5F5F66D3-457F-46DA-9391-D343FFEC9B6F}.Debug|Any CPU.ActiveCfg = Debug|Any CPU
		{5F5F66D3-457F-46DA-9391-D343FFEC9B6F}.Debug|Any CPU.Build.0 = Debug|Any CPU
		{5F5F66D3-457F-46DA-9391-D343FFEC9B6F}.Release|Any CPU.ActiveCfg = Release|Any CPU
		{5F5F66D3-457F-46DA-9391-D343FFEC9B6F}.Release|Any CPU.Build.0 = Release|Any CPU
	EndGlobalSection
	GlobalSection(SolutionProperties) = preSolution
		HideSolutionNode = FALSE
	EndGlobalSection
	GlobalSection(ExtensibilityGlobals) = postSolution
		SolutionGuid = {B08C6C6C-E6D8-45E2-A8C2-5F0304675D6F}
	EndGlobalSection
EndGlobal
